
Microsoft Visual Studio Solution File, Format Version 12.00
# Visual Studio Version 16
VisualStudioVersion = 16.0.29324.140
MinimumVisualStudioVersion = 10.0.40219.1
Project("{FAE04EC0-301F-11D3-BF4B-00C04F79EFBC}") = "InterfaceSegregate", "InterfaceSegregate\InterfaceSegregate.csproj", "{E7D31F42-E315-498C-9494-AD4C95563914}"
EndProject
Global
	GlobalSection(SolutionConfigurationPlatforms) = preSolution
		Debug|Any CPU = Debug|Any CPU
		Release|Any CPU = Release|Any CPU
	EndGlobalSection
	GlobalSection(ProjectConfigurationPlatforms) = postSolution
		{E7D31F42-E315-498C-9494-AD4C95563914}.Debug|Any CPU.ActiveCfg = Debug|Any CPU
		{E7D31F42-E315-498C-9494-AD4C95563914}.Debug|Any CPU.Build.0 = Debug|Any CPU
		{E7D31F42-E315-498C-9494-AD4C95563914}.Release|Any CPU.ActiveCfg = Release|Any CPU
		{E7D31F42-E315-498C-9494-AD4C95563914}.Release|Any CPU.Build.0 = Release|Any CPU
	EndGlobalSection
	GlobalSection(SolutionProperties) = preSolution
		HideSolutionNode = FALSE
	EndGlobalSection
	GlobalSection(ExtensibilityGlobals) = postSolution
		SolutionGuid = {2B6C3AFA-F4A2-4F83-A973-07D66131700D}
	EndGlobalSection
EndGlobal
